
Microsoft Visual Studio Solution File, Format Version 12.00
# Visual Studio Version 17
VisualStudioVersion = 17.0.31903.59
MinimumVisualStudioVersion = 10.0.40219.1
Project("{2150E333-8FDC-42A3-9474-1A3956D46DE8}") = "Tests", "Tests", "{32673276-6C91-408B-BA84-DBE3C844546E}"
EndProject
Project("{FAE04EC0-301F-11D3-BF4B-00C04F79EFBC}") = "StackExchange.DataExplorer.Tests", "Tests\StackExchange.DataExplorer.Tests\StackExchange.DataExplorer.Tests.csproj", "{B2FCDF3D-5D03-4523-AADC-BF03F3F951BF}"
EndProject
Project("{2150E333-8FDC-42A3-9474-1A3956D46DE8}") = "Source", "Source", "{9AA657ED-83C4-4AF1-B8A1-54F23D315A29}"
EndProject
Project("{FAE04EC0-301F-11D3-BF4B-00C04F79EFBC}") = "StackExchange.Migrator", "Source\StackExchange.Migrator\StackExchange.Migrator.csproj", "{39FC1385-0968-47BF-8E65-0A052E60B3B8}"
EndProject
Project("{FAE04EC0-301F-11D3-BF4B-00C04F79EFBC}") = "StackExchange.DataExplorer", "Source\StackExchange.DataExplorer\StackExchange.DataExplorer.csproj", "{A61E496C-4A94-4142-8F6F-AFDAED600808}"
EndProject
Global
	GlobalSection(SolutionConfigurationPlatforms) = preSolution
		Debug|Any CPU = Debug|Any CPU
		Release|Any CPU = Release|Any CPU
	EndGlobalSection
	GlobalSection(SolutionProperties) = preSolution
		HideSolutionNode = FALSE
	EndGlobalSection
	GlobalSection(ProjectConfigurationPlatforms) = postSolution
		{B2FCDF3D-5D03-4523-AADC-BF03F3F951BF}.Debug|Any CPU.ActiveCfg = Debug|Any CPU
		{B2FCDF3D-5D03-4523-AADC-BF03F3F951BF}.Debug|Any CPU.Build.0 = Debug|Any CPU
		{B2FCDF3D-5D03-4523-AADC-BF03F3F951BF}.Release|Any CPU.ActiveCfg = Release|Any CPU
		{B2FCDF3D-5D03-4523-AADC-BF03F3F951BF}.Release|Any CPU.Build.0 = Release|Any CPU
		{39FC1385-0968-47BF-8E65-0A052E60B3B8}.Debug|Any CPU.ActiveCfg = Debug|Any CPU
		{39FC1385-0968-47BF-8E65-0A052E60B3B8}.Debug|Any CPU.Build.0 = Debug|Any CPU
		{39FC1385-0968-47BF-8E65-0A052E60B3B8}.Release|Any CPU.ActiveCfg = Release|Any CPU
		{39FC1385-0968-47BF-8E65-0A052E60B3B8}.Release|Any CPU.Build.0 = Release|Any CPU
		{A61E496C-4A94-4142-8F6F-AFDAED600808}.Debug|Any CPU.ActiveCfg = Debug|Any CPU
		{A61E496C-4A94-4142-8F6F-AFDAED600808}.Debug|Any CPU.Build.0 = Debug|Any CPU
		{A61E496C-4A94-4142-8F6F-AFDAED600808}.Release|Any CPU.ActiveCfg = Release|Any CPU
		{A61E496C-4A94-4142-8F6F-AFDAED600808}.Release|Any CPU.Build.0 = Release|Any CPU
	EndGlobalSection
	GlobalSection(NestedProjects) = preSolution
		{B2FCDF3D-5D03-4523-AADC-BF03F3F951BF} = {32673276-6C91-408B-BA84-DBE3C844546E}
		{39FC1385-0968-47BF-8E65-0A052E60B3B8} = {9AA657ED-83C4-4AF1-B8A1-54F23D315A29}
		{A61E496C-4A94-4142-8F6F-AFDAED600808} = {9AA657ED-83C4-4AF1-B8A1-54F23D315A29}
	EndGlobalSection
EndGlobal
